{
  "name": "PortFolio",
  "lockfileVersion": 2,
  "requires": true,
  "packages": {
    "": {
      "dependencies": {
        "@emailjs/browser": "^3.11.0",
        "knight-wings": "^1.0.5",
        "sweetalert2": "^11.7.12"
      }
    },
    "node_modules/@emailjs/browser": {
      "version": "3.11.0",
      "resolved": "https://registry.npmjs.org/@emailjs/browser/-/browser-3.11.0.tgz",
      "integrity": "sha512-RkY3FKZ3fPdK++OeF46mRTFpmmQWCHUVHZH209P3NE4D5sg2Atg7S2wa3gw5062Gl4clt4Wn5SyC4WhlVZC5pA==",
      "engines": {
        "node": ">=14.0.0"
      }
    },
    "node_modules/knight-wings": {
      "version": "1.0.5",
      "resolved": "https://registry.npmjs.org/knight-wings/-/knight-wings-1.0.5.tgz",
      "integrity": "sha512-vdsDDfZaoANQ4z495usjAmYY1JwIDoVzD+SkXx8oeHqGgq7uUR8ScxPSdUCS3SnTotZ0HketkP1qToyk9CHbJA=="
    },
    "node_modules/sweetalert2": {
      "version": "11.7.12",
      "resolved": "https://registry.npmjs.org/sweetalert2/-/sweetalert2-11.7.12.tgz",
      "integrity": "sha512-TQJy8mQymJLzqWPQOMQErd81Zd/rSYr0UL4pEc7bqEihtjS+zt7LWJXLhfPp93e+Hf3Z2FHMB6QGNskAMCsdTg==",
      "funding": {
        "type": "individual",
        "url": "https://github.com/sponsors/limonte"
      }
    }
  },
  "dependencies": {
    "@emailjs/browser": {
      "version": "3.11.0",
      "resolved": "https://registry.npmjs.org/@emailjs/browser/-/browser-3.11.0.tgz",
      "integrity": "sha512-RkY3FKZ3fPdK++OeF46mRTFpmmQWCHUVHZH209P3NE4D5sg2Atg7S2wa3gw5062Gl4clt4Wn5SyC4WhlVZC5pA=="
    },
    "knight-wings": {
      "version": "1.0.5",
      "resolved": "https://registry.npmjs.org/knight-wings/-/knight-wings-1.0.5.tgz",
      "integrity": "sha512-vdsDDfZaoANQ4z495usjAmYY1JwIDoVzD+SkXx8oeHqGgq7uUR8ScxPSdUCS3SnTotZ0HketkP1qToyk9CHbJA=="
    },
    "sweetalert2": {
      "version": "11.7.12",
      "resolved": "https://registry.npmjs.org/sweetalert2/-/sweetalert2-11.7.12.tgz",
      "integrity": "sha512-TQJy8mQymJLzqWPQOMQErd81Zd/rSYr0UL4pEc7bqEihtjS+zt7LWJXLhfPp93e+Hf3Z2FHMB6QGNskAMCsdTg=="
    }
  }
}
